
Microsoft Visual Studio Solution File, Format Version 12.00
# Visual Studio Version 17
VisualStudioVersion = 17.0.31903.59
MinimumVisualStudioVersion = 10.0.40219.1
Project("{2150E333-8FDC-42A3-9474-1A3956D46DE8}") = "src", "src", "{827E0CD3-B72D-47B6-A68D-7590B98EB39B}"
EndProject
Project("{FAE04EC0-301F-11D3-BF4B-00C04F79EFBC}") = "SonicDesktopRelay.Core", "src\SonicDesktopRelay.Core\SonicDesktopRelay.Core.csproj", "{FFF56597-B620-43FE-ACC9-7C262AC648BD}"
EndProject
Project("{2150E333-8FDC-42A3-9474-1A3956D46DE8}") = "tests", "tests", "{0AB3BF05-4346-4AA6-1389-037BE0695223}"
EndProject
Project("{FAE04EC0-301F-11D3-BF4B-00C04F79EFBC}") = "SonicDesktopRelay.Core.Tests", "tests\SonicDesktopRelay.Core.Tests\SonicDesktopRelay.Core.Tests.csproj", "{3E99B0B0-C96A-410D-ABAE-9B06A1F9D999}"
EndProject
Project("{FAE04EC0-301F-11D3-BF4B-00C04F79EFBC}") = "SonicDesktopRelay.ApiClient", "src\SonicDesktopRelay.ApiClient\SonicDesktopRelay.ApiClient.csproj", "{D2A4A2A1-8005-400A-B008-A5002DFEA49A}"
EndProject
Project("{FAE04EC0-301F-11D3-BF4B-00C04F79EFBC}") = "SonicDesktopRelay.ApiClient.Tests", "tests\SonicDesktopRelay.ApiClient.Tests\SonicDesktopRelay.ApiClient.Tests.csproj", "{46C5C379-3729-45CE-9AC2-6F1C76284677}"
EndProject
Project("{FAE04EC0-301F-11D3-BF4B-00C04F79EFBC}") = "SonicDesktopRelay.Signaling", "src\SonicDesktopRelay.Signaling\SonicDesktopRelay.Signaling.csproj", "{D35B3FE5-D0EC-45EA-AB10-33420A6C921A}"
EndProject
Project("{FAE04EC0-301F-11D3-BF4B-00C04F79EFBC}") = "SonicDesktopRelay.Signaling.Tests", "tests\SonicDesktopRelay.Signaling.Tests\SonicDesktopRelay.Signaling.Tests.csproj", "{47A1748B-0FB9-4E71-A7BF-BC4263E88B25}"
EndProject
Project("{FAE04EC0-301F-11D3-BF4B-00C04F79EFBC}") = "SonicDesktopRelay.Presentation", "src\SonicDesktopRelay.Presentation\SonicDesktopRelay.Presentation.csproj", "{1207AEAA-D085-46D0-9F1D-505B25688518}"
EndProject
Project("{FAE04EC0-301F-11D3-BF4B-00C04F79EFBC}") = "SonicDesktopRelay.Presentation.Tests", "tests\SonicDesktopRelay.Presentation.Tests\SonicDesktopRelay.Presentation.Tests.csproj", "{A4A8D763-20F4-4853-951C-E2C047389EBF}"
EndProject
Project("{FAE04EC0-301F-11D3-BF4B-00C04F79EFBC}") = "SonicDesktopRelay.App", "src\SonicDesktopRelay.App\SonicDesktopRelay.App.csproj", "{5DCD746C-C8DD-4FA7-A688-05A973CB085B}"
EndProject
Project("{FAE04EC0-301F-11D3-BF4B-00C04F79EFBC}") = "SonicDesktopRelay.Media", "src\SonicDesktopRelay.Media\SonicDesktopRelay.Media.csproj", "{7173E0A6-87CA-4680-840C-182CB3FD3C48}"
EndProject
Project("{FAE04EC0-301F-11D3-BF4B-00C04F79EFBC}") = "SonicDesktopRelay.Media.Tests", "tests\SonicDesktopRelay.Media.Tests\SonicDesktopRelay.Media.Tests.csproj", "{E81E7C40-F516-48E3-97AB-BA3AFD0DE0EF}"
EndProject
Project("{FAE04EC0-301F-11D3-BF4B-00C04F79EFBC}") = "SonicDesktopRelay.Rtc", "src\SonicDesktopRelay.Rtc\SonicDesktopRelay.Rtc.csproj", "{4E111B06-D470-41DC-8801-5D0F31CC83B2}"
EndProject
Project("{FAE04EC0-301F-11D3-BF4B-00C04F79EFBC}") = "SonicDesktopRelay.Rtc.Tests", "tests\SonicDesktopRelay.Rtc.Tests\SonicDesktopRelay.Rtc.Tests.csproj", "{159F5F72-CD1C-4C16-A2A3-CF5EF5418A7A}"
EndProject
Project("{FAE04EC0-301F-11D3-BF4B-00C04F79EFBC}") = "SonicDesktopRelay.Media.Windows", "src\SonicDesktopRelay.Media.Windows\SonicDesktopRelay.Media.Windows.csproj", "{ACBCE896-C854-4C40-AEC4-6217C797FFE8}"
EndProject
Project("{FAE04EC0-301F-11D3-BF4B-00C04F79EFBC}") = "SonicDesktopRelay.Media.Windows.Tests", "tests\SonicDesktopRelay.Media.Windows.Tests\SonicDesktopRelay.Media.Windows.Tests.csproj", "{BB332280-5597-4C7A-A545-54F87DE7AB8E}"
EndProject
Global
	GlobalSection(SolutionConfigurationPlatforms) = preSolution
		Debug|Any CPU = Debug|Any CPU
		Debug|x64 = Debug|x64
		Debug|x86 = Debug|x86
		Release|Any CPU = Release|Any CPU
		Release|x64 = Release|x64
		Release|x86 = Release|x86
	EndGlobalSection
	GlobalSection(ProjectConfigurationPlatforms) = postSolution
		{FFF56597-B620-43FE-ACC9-7C262AC648BD}.Debug|Any CPU.ActiveCfg = Debug|Any CPU
		{FFF56597-B620-43FE-ACC9-7C262AC648BD}.Debug|Any CPU.Build.0 = Debug|Any CPU
		{FFF56597-B620-43FE-ACC9-7C262AC648BD}.Debug|x64.ActiveCfg = Debug|Any CPU
		{FFF56597-B620-43FE-ACC9-7C262AC648BD}.Debug|x64.Build.0 = Debug|Any CPU
		{FFF56597-B620-43FE-ACC9-7C262AC648BD}.Debug|x86.ActiveCfg = Debug|Any CPU
		{FFF56597-B620-43FE-ACC9-7C262AC648BD}.Debug|x86.Build.0 = Debug|Any CPU
		{FFF56597-B620-43FE-ACC9-7C262AC648BD}.Release|Any CPU.ActiveCfg = Release|Any CPU
		{FFF56597-B620-43FE-ACC9-7C262AC648BD}.Release|Any CPU.Build.0 = Release|Any CPU
		{FFF56597-B620-43FE-ACC9-7C262AC648BD}.Release|x64.ActiveCfg = Release|Any CPU
		{FFF56597-B620-43FE-ACC9-7C262AC648BD}.Release|x64.Build.0 = Release|Any CPU
		{FFF56597-B620-43FE-ACC9-7C262AC648BD}.Release|x86.ActiveCfg = Release|Any CPU
		{FFF56597-B620-43FE-ACC9-7C262AC648BD}.Release|x86.Build.0 = Release|Any CPU
		{3E99B0B0-C96A-410D-ABAE-9B06A1F9D999}.Debug|Any CPU.ActiveCfg = Debug|Any CPU
		{3E99B0B0-C96A-410D-ABAE-9B06A1F9D999}.Debug|Any CPU.Build.0 = Debug|Any CPU
		{3E99B0B0-C96A-410D-ABAE-9B06A1F9D999}.Debug|x64.ActiveCfg = Debug|Any CPU
		{3E99B0B0-C96A-410D-ABAE-9B06A1F9D999}.Debug|x64.Build.0 = Debug|Any CPU
		{3E99B0B0-C96A-410D-ABAE-9B06A1F9D999}.Debug|x86.ActiveCfg = Debug|Any CPU
		{3E99B0B0-C96A-410D-ABAE-9B06A1F9D999}.Debug|x86.Build.0 = Debug|Any CPU
		{3E99B0B0-C96A-410D-ABAE-9B06A1F9D999}.Release|Any CPU.ActiveCfg = Release|Any CPU
		{3E99B0B0-C96A-410D-ABAE-9B06A1F9D999}.Release|Any CPU.Build.0 = Release|Any CPU
		{3E99B0B0-C96A-410D-ABAE-9B06A1F9D999}.Release|x64.ActiveCfg = Release|Any CPU
		{3E99B0B0-C96A-410D-ABAE-9B06A1F9D999}.Release|x64.Build.0 = Release|Any CPU
		{3E99B0B0-C96A-410D-ABAE-9B06A1F9D999}.Release|x86.ActiveCfg = Release|Any CPU
		{3E99B0B0-C96A-410D-ABAE-9B06A1F9D999}.Release|x86.Build.0 = Release|Any CPU
		{D2A4A2A1-8005-400A-B008-A5002DFEA49A}.Debug|Any CPU.ActiveCfg = Debug|Any CPU
		{D2A4A2A1-8005-400A-B008-A5002DFEA49A}.Debug|Any CPU.Build.0 = Debug|Any CPU
		{D2A4A2A1-8005-400A-B008-A5002DFEA49A}.Debug|x64.ActiveCfg = Debug|Any CPU
		{D2A4A2A1-8005-400A-B008-A5002DFEA49A}.Debug|x64.Build.0 = Debug|Any CPU
		{D2A4A2A1-8005-400A-B008-A5002DFEA49A}.Debug|x86.ActiveCfg = Debug|Any CPU
		{D2A4A2A1-8005-400A-B008-A5002DFEA49A}.Debug|x86.Build.0 = Debug|Any CPU
		{D2A4A2A1-8005-400A-B008-A5002DFEA49A}.Release|Any CPU.ActiveCfg = Release|Any CPU
		{D2A4A2A1-8005-400A-B008-A5002DFEA49A}.Release|Any CPU.Build.0 = Release|Any CPU
		{D2A4A2A1-8005-400A-B008-A5002DFEA49A}.Release|x64.ActiveCfg = Release|Any CPU
		{D2A4A2A1-8005-400A-B008-A5002DFEA49A}.Release|x64.Build.0 = Release|Any CPU
		{D2A4A2A1-8005-400A-B008-A5002DFEA49A}.Release|x86.ActiveCfg = Release|Any CPU
		{D2A4A2A1-8005-400A-B008-A5002DFEA49A}.Release|x86.Build.0 = Release|Any CPU
		{46C5C379-3729-45CE-9AC2-6F1C76284677}.Debug|Any CPU.ActiveCfg = Debug|Any CPU
		{46C5C379-3729-45CE-9AC2-6F1C76284677}.Debug|Any CPU.Build.0 = Debug|Any CPU
		{46C5C379-3729-45CE-9AC2-6F1C76284677}.Debug|x64.ActiveCfg = Debug|Any CPU
		{46C5C379-3729-45CE-9AC2-6F1C76284677}.Debug|x64.Build.0 = Debug|Any CPU
		{46C5C379-3729-45CE-9AC2-6F1C76284677}.Debug|x86.ActiveCfg = Debug|Any CPU
		{46C5C379-3729-45CE-9AC2-6F1C76284677}.Debug|x86.Build.0 = Debug|Any CPU
		{46C5C379-3729-45CE-9AC2-6F1C76284677}.Release|Any CPU.ActiveCfg = Release|Any CPU
		{46C5C379-3729-45CE-9AC2-6F1C76284677}.Release|Any CPU.Build.0 = Release|Any CPU
		{46C5C379-3729-45CE-9AC2-6F1C76284677}.Release|x64.ActiveCfg = Release|Any CPU
		{46C5C379-3729-45CE-9AC2-6F1C76284677}.Release|x64.Build.0 = Release|Any CPU
		{46C5C379-3729-45CE-9AC2-6F1C76284677}.Release|x86.ActiveCfg = Release|Any CPU
		{46C5C379-3729-45CE-9AC2-6F1C76284677}.Release|x86.Build.0 = Release|Any CPU
		{D35B3FE5-D0EC-45EA-AB10-33420A6C921A}.Debug|Any CPU.ActiveCfg = Debug|Any CPU
		{D35B3FE5-D0EC-45EA-AB10-33420A6C921A}.Debug|Any CPU.Build.0 = Debug|Any CPU
		{D35B3FE5-D0EC-45EA-AB10-33420A6C921A}.Debug|x64.ActiveCfg = Debug|Any CPU
		{D35B3FE5-D0EC-45EA-AB10-33420A6C921A}.Debug|x64.Build.0 = Debug|Any CPU
		{D35B3FE5-D0EC-45EA-AB10-33420A6C921A}.Debug|x86.ActiveCfg = Debug|Any CPU
		{D35B3FE5-D0EC-45EA-AB10-33420A6C921A}.Debug|x86.Build.0 = Debug|Any CPU
		{D35B3FE5-D0EC-45EA-AB10-33420A6C921A}.Release|Any CPU.ActiveCfg = Release|Any CPU
		{D35B3FE5-D0EC-45EA-AB10-33420A6C921A}.Release|Any CPU.Build.0 = Release|Any CPU
		{D35B3FE5-D0EC-45EA-AB10-33420A6C921A}.Release|x64.ActiveCfg = Release|Any CPU
		{D35B3FE5-D0EC-45EA-AB10-33420A6C921A}.Release|x64.Build.0 = Release|Any CPU
		{D35B3FE5-D0EC-45EA-AB10-33420A6C921A}.Release|x86.ActiveCfg = Release|Any CPU
		{D35B3FE5-D0EC-45EA-AB10-33420A6C921A}.Release|x86.Build.0 = Release|Any CPU
		{47A1748B-0FB9-4E71-A7BF-BC4263E88B25}.Debug|Any CPU.ActiveCfg = Debug|Any CPU
		{47A1748B-0FB9-4E71-A7BF-BC4263E88B25}.Debug|Any CPU.Build.0 = Debug|Any CPU
		{47A1748B-0FB9-4E71-A7BF-BC4263E88B25}.Debug|x64.ActiveCfg = Debug|Any CPU
		{47A1748B-0FB9-4E71-A7BF-BC4263E88B25}.Debug|x64.Build.0 = Debug|Any CPU
		{47A1748B-0FB9-4E71-A7BF-BC4263E88B25}.Debug|x86.ActiveCfg = Debug|Any CPU
		{47A1748B-0FB9-4E71-A7BF-BC4263E88B25}.Debug|x86.Build.0 = Debug|Any CPU
		{47A1748B-0FB9-4E71-A7BF-BC4263E88B25}.Release|Any CPU.ActiveCfg = Release|Any CPU
		{47A1748B-0FB9-4E71-A7BF-BC4263E88B25}.Release|Any CPU.Build.0 = Release|Any CPU
		{47A1748B-0FB9-4E71-A7BF-BC4263E88B25}.Release|x64.ActiveCfg = Release|Any CPU
		{47A1748B-0FB9-4E71-A7BF-BC4263E88B25}.Release|x64.Build.0 = Release|Any CPU
		{47A1748B-0FB9-4E71-A7BF-BC4263E88B25}.Release|x86.ActiveCfg = Release|Any CPU
		{47A1748B-0FB9-4E71-A7BF-BC4263E88B25}.Release|x86.Build.0 = Release|Any CPU
		{1207AEAA-D085-46D0-9F1D-505B25688518}.Debug|Any CPU.ActiveCfg = Debug|Any CPU
		{1207AEAA-D085-46D0-9F1D-505B25688518}.Debug|Any CPU.Build.0 = Debug|Any CPU
		{1207AEAA-D085-46D0-9F1D-505B25688518}.Debug|x64.ActiveCfg = Debug|Any CPU
		{1207AEAA-D085-46D0-9F1D-505B25688518}.Debug|x64.Build.0 = Debug|Any CPU
		{1207AEAA-D085-46D0-9F1D-505B25688518}.Debug|x86.ActiveCfg = Debug|Any CPU
		{1207AEAA-D085-46D0-9F1D-505B25688518}.Debug|x86.Build.0 = Debug|Any CPU
		{1207AEAA-D085-46D0-9F1D-505B25688518}.Release|Any CPU.ActiveCfg = Release|Any CPU
		{1207AEAA-D085-46D0-9F1D-505B25688518}.Release|Any CPU.Build.0 = Release|Any CPU
		{1207AEAA-D085-46D0-9F1D-505B25688518}.Release|x64.ActiveCfg = Release|Any CPU
		{1207AEAA-D085-46D0-9F1D-505B25688518}.Release|x64.Build.0 = Release|Any CPU
		{1207AEAA-D085-46D0-9F1D-505B25688518}.Release|x86.ActiveCfg = Release|Any CPU
		{1207AEAA-D085-46D0-9F1D-505B25688518}.Release|x86.Build.0 = Release|Any CPU
		{A4A8D763-20F4-4853-951C-E2C047389EBF}.Debug|Any CPU.ActiveCfg = Debug|Any CPU
		{A4A8D763-20F4-4853-951C-E2C047389EBF}.Debug|Any CPU.Build.0 = Debug|Any CPU
		{A4A8D763-20F4-4853-951C-E2C047389EBF}.Debug|x64.ActiveCfg = Debug|Any CPU
		{A4A8D763-20F4-4853-951C-E2C047389EBF}.Debug|x64.Build.0 = Debug|Any CPU
		{A4A8D763-20F4-4853-951C-E2C047389EBF}.Debug|x86.ActiveCfg = Debug|Any CPU
		{A4A8D763-20F4-4853-951C-E2C047389EBF}.Debug|x86.Build.0 = Debug|Any CPU
		{A4A8D763-20F4-4853-951C-E2C047389EBF}.Release|Any CPU.ActiveCfg = Release|Any CPU
		{A4A8D763-20F4-4853-951C-E2C047389EBF}.Release|Any CPU.Build.0 = Release|Any CPU
		{A4A8D763-20F4-4853-951C-E2C047389EBF}.Release|x64.ActiveCfg = Release|Any CPU
		{A4A8D763-20F4-4853-951C-E2C047389EBF}.Release|x64.Build.0 = Release|Any CPU
		{A4A8D763-20F4-4853-951C-E2C047389EBF}.Release|x86.ActiveCfg = Release|Any CPU
		{A4A8D763-20F4-4853-951C-E2C047389EBF}.Release|x86.Build.0 = Release|Any CPU
		{5DCD746C-C8DD-4FA7-A688-05A973CB085B}.Debug|Any CPU.ActiveCfg = Debug|Any CPU
		{5DCD746C-C8DD-4FA7-A688-05A973CB085B}.Debug|Any CPU.Build.0 = Debug|Any CPU
		{5DCD746C-C8DD-4FA7-A688-05A973CB085B}.Debug|x64.ActiveCfg = Debug|Any CPU
		{5DCD746C-C8DD-4FA7-A688-05A973CB085B}.Debug|x64.Build.0 = Debug|Any CPU
		{5DCD746C-C8DD-4FA7-A688-05A973CB085B}.Debug|x86.ActiveCfg = Debug|Any CPU
		{5DCD746C-C8DD-4FA7-A688-05A973CB085B}.Debug|x86.Build.0 = Debug|Any CPU
		{5DCD746C-C8DD-4FA7-A688-05A973CB085B}.Release|Any CPU.ActiveCfg = Release|Any CPU
		{5DCD746C-C8DD-4FA7-A688-05A973CB085B}.Release|Any CPU.Build.0 = Release|Any CPU
		{5DCD746C-C8DD-4FA7-A688-05A973CB085B}.Release|x64.ActiveCfg = Release|Any CPU
		{5DCD746C-C8DD-4FA7-A688-05A973CB085B}.Release|x64.Build.0 = Release|Any CPU
		{5DCD746C-C8DD-4FA7-A688-05A973CB085B}.Release|x86.ActiveCfg = Release|Any CPU
		{5DCD746C-C8DD-4FA7-A688-05A973CB085B}.Release|x86.Build.0 = Release|Any CPU
		{7173E0A6-87CA-4680-840C-182CB3FD3C48}.Debug|Any CPU.ActiveCfg = Debug|Any CPU
		{7173E0A6-87CA-4680-840C-182CB3FD3C48}.Debug|Any CPU.Build.0 = Debug|Any CPU
		{7173E0A6-87CA-4680-840C-182CB3FD3C48}.Debug|x64.ActiveCfg = Debug|Any CPU
		{7173E0A6-87CA-4680-840C-182CB3FD3C48}.Debug|x64.Build.0 = Debug|Any CPU
		{7173E0A6-87CA-4680-840C-182CB3FD3C48}.Debug|x86.ActiveCfg = Debug|Any CPU
		{7173E0A6-87CA-4680-840C-182CB3FD3C48}.Debug|x86.Build.0 = Debug|Any CPU
		{7173E0A6-87CA-4680-840C-182CB3FD3C48}.Release|Any CPU.ActiveCfg = Release|Any CPU
		{7173E0A6-87CA-4680-840C-182CB3FD3C48}.Release|Any CPU.Build.0 = Release|Any CPU
		{7173E0A6-87CA-4680-840C-182CB3FD3C48}.Release|x64.ActiveCfg = Release|Any CPU
		{7173E0A6-87CA-4680-840C-182CB3FD3C48}.Release|x64.Build.0 = Release|Any CPU
		{7173E0A6-87CA-4680-840C-182CB3FD3C48}.Release|x86.ActiveCfg = Release|Any CPU
		{7173E0A6-87CA-4680-840C-182CB3FD3C48}.Release|x86.Build.0 = Release|Any CPU
		{E81E7C40-F516-48E3-97AB-BA3AFD0DE0EF}.Debug|Any CPU.ActiveCfg = Debug|Any CPU
		{E81E7C40-F516-48E3-97AB-BA3AFD0DE0EF}.Debug|Any CPU.Build.0 = Debug|Any CPU
		{E81E7C40-F516-48E3-97AB-BA3AFD0DE0EF}.Debug|x64.ActiveCfg = Debug|Any CPU
		{E81E7C40-F516-48E3-97AB-BA3AFD0DE0EF}.Debug|x64.Build.0 = Debug|Any CPU
		{E81E7C40-F516-48E3-97AB-BA3AFD0DE0EF}.Debug|x86.ActiveCfg = Debug|Any CPU
		{E81E7C40-F516-48E3-97AB-BA3AFD0DE0EF}.Debug|x86.Build.0 = Debug|Any CPU
		{E81E7C40-F516-48E3-97AB-BA3AFD0DE0EF}.Release|Any CPU.ActiveCfg = Release|Any CPU
		{E81E7C40-F516-48E3-97AB-BA3AFD0DE0EF}.Release|Any CPU.Build.0 = Release|Any CPU
		{E81E7C40-F516-48E3-97AB-BA3AFD0DE0EF}.Release|x64.ActiveCfg = Release|Any CPU
		{E81E7C40-F516-48E3-97AB-BA3AFD0DE0EF}.Release|x64.Build.0 = Release|Any CPU
		{E81E7C40-F516-48E3-97AB-BA3AFD0DE0EF}.Release|x86.ActiveCfg = Release|Any CPU
		{E81E7C40-F516-48E3-97AB-BA3AFD0DE0EF}.Release|x86.Build.0 = Release|Any CPU
		{4E111B06-D470-41DC-8801-5D0F31CC83B2}.Debug|Any CPU.ActiveCfg = Debug|Any CPU
		{4E111B06-D470-41DC-8801-5D0F31CC83B2}.Debug|Any CPU.Build.0 = Debug|Any CPU
		{4E111B06-D470-41DC-8801-5D0F31CC83B2}.Debug|x64.ActiveCfg = Debug|Any CPU
		{4E111B06-D470-41DC-8801-5D0F31CC83B2}.Debug|x64.Build.0 = Debug|Any CPU
		{4E111B06-D470-41DC-8801-5D0F31CC83B2}.Debug|x86.ActiveCfg = Debug|Any CPU
		{4E111B06-D470-41DC-8801-5D0F31CC83B2}.Debug|x86.Build.0 = Debug|Any CPU
		{4E111B06-D470-41DC-8801-5D0F31CC83B2}.Release|Any CPU.ActiveCfg = Release|Any CPU
		{4E111B06-D470-41DC-8801-5D0F31CC83B2}.Release|Any CPU.Build.0 = Release|Any CPU
		{4E111B06-D470-41DC-8801-5D0F31CC83B2}.Release|x64.ActiveCfg = Release|Any CPU
		{4E111B06-D470-41DC-8801-5D0F31CC83B2}.Release|x64.Build.0 = Release|Any CPU
		{4E111B06-D470-41DC-8801-5D0F31CC83B2}.Release|x86.ActiveCfg = Release|Any CPU
		{4E111B06-D470-41DC-8801-5D0F31CC83B2}.Release|x86.Build.0 = Release|Any CPU
		{159F5F72-CD1C-4C16-A2A3-CF5EF5418A7A}.Debug|Any CPU.ActiveCfg = Debug|Any CPU
		{159F5F72-CD1C-4C16-A2A3-CF5EF5418A7A}.Debug|Any CPU.Build.0 = Debug|Any CPU
		{159F5F72-CD1C-4C16-A2A3-CF5EF5418A7A}.Debug|x64.ActiveCfg = Debug|Any CPU
		{159F5F72-CD1C-4C16-A2A3-CF5EF5418A7A}.Debug|x64.Build.0 = Debug|Any CPU
		{159F5F72-CD1C-4C16-A2A3-CF5EF5418A7A}.Debug|x86.ActiveCfg = Debug|Any CPU
		{159F5F72-CD1C-4C16-A2A3-CF5EF5418A7A}.Debug|x86.Build.0 = Debug|Any CPU
		{159F5F72-CD1C-4C16-A2A3-CF5EF5418A7A}.Release|Any CPU.ActiveCfg = Release|Any CPU
		{159F5F72-CD1C-4C16-A2A3-CF5EF5418A7A}.Release|Any CPU.Build.0 = Release|Any CPU
		{159F5F72-CD1C-4C16-A2A3-CF5EF5418A7A}.Release|x64.ActiveCfg = Release|Any CPU
		{159F5F72-CD1C-4C16-A2A3-CF5EF5418A7A}.Release|x64.Build.0 = Release|Any CPU
		{159F5F72-CD1C-4C16-A2A3-CF5EF5418A7A}.Release|x86.ActiveCfg = Release|Any CPU
		{159F5F72-CD1C-4C16-A2A3-CF5EF5418A7A}.Release|x86.Build.0 = Release|Any CPU
		{ACBCE896-C854-4C40-AEC4-6217C797FFE8}.Debug|Any CPU.ActiveCfg = Debug|Any CPU
		{ACBCE896-C854-4C40-AEC4-6217C797FFE8}.Debug|Any CPU.Build.0 = Debug|Any CPU
		{ACBCE896-C854-4C40-AEC4-6217C797FFE8}.Debug|x64.ActiveCfg = Debug|Any CPU
		{ACBCE896-C854-4C40-AEC4-6217C797FFE8}.Debug|x64.Build.0 = Debug|Any CPU
		{ACBCE896-C854-4C40-AEC4-6217C797FFE8}.Debug|x86.ActiveCfg = Debug|Any CPU
		{ACBCE896-C854-4C40-AEC4-6217C797FFE8}.Debug|x86.Build.0 = Debug|Any CPU
		{ACBCE896-C854-4C40-AEC4-6217C797FFE8}.Release|Any CPU.ActiveCfg = Release|Any CPU
		{ACBCE896-C854-4C40-AEC4-6217C797FFE8}.Release|Any CPU.Build.0 = Release|Any CPU
		{ACBCE896-C854-4C40-AEC4-6217C797FFE8}.Release|x64.ActiveCfg = Release|Any CPU
		{ACBCE896-C854-4C40-AEC4-6217C797FFE8}.Release|x64.Build.0 = Release|Any CPU
		{ACBCE896-C854-4C40-AEC4-6217C797FFE8}.Release|x86.ActiveCfg = Release|Any CPU
		{ACBCE896-C854-4C40-AEC4-6217C797FFE8}.Release|x86.Build.0 = Release|Any CPU
		{BB332280-5597-4C7A-A545-54F87DE7AB8E}.Debug|Any CPU.ActiveCfg = Debug|Any CPU
		{BB332280-5597-4C7A-A545-54F87DE7AB8E}.Debug|Any CPU.Build.0 = Debug|Any CPU
		{BB332280-5597-4C7A-A545-54F87DE7AB8E}.Debug|x64.ActiveCfg = Debug|Any CPU
		{BB332280-5597-4C7A-A545-54F87DE7AB8E}.Debug|x64.Build.0 = Debug|Any CPU
		{BB332280-5597-4C7A-A545-54F87DE7AB8E}.Debug|x86.ActiveCfg = Debug|Any CPU
		{BB332280-5597-4C7A-A545-54F87DE7AB8E}.Debug|x86.Build.0 = Debug|Any CPU
		{BB332280-5597-4C7A-A545-54F87DE7AB8E}.Release|Any CPU.ActiveCfg = Release|Any CPU
		{BB332280-5597-4C7A-A545-54F87DE7AB8E}.Release|Any CPU.Build.0 = Release|Any CPU
		{BB332280-5597-4C7A-A545-54F87DE7AB8E}.Release|x64.ActiveCfg = Release|Any CPU
		{BB332280-5597-4C7A-A545-54F87DE7AB8E}.Release|x64.Build.0 = Release|Any CPU
		{BB332280-5597-4C7A-A545-54F87DE7AB8E}.Release|x86.ActiveCfg = Release|Any CPU
		{BB332280-5597-4C7A-A545-54F87DE7AB8E}.Release|x86.Build.0 = Release|Any CPU
	EndGlobalSection
	GlobalSection(SolutionProperties) = preSolution
		HideSolutionNode = FALSE
	EndGlobalSection
	GlobalSection(NestedProjects) = preSolution
		{FFF56597-B620-43FE-ACC9-7C262AC648BD} = {827E0CD3-B72D-47B6-A68D-7590B98EB39B}
		{3E99B0B0-C96A-410D-ABAE-9B06A1F9D999} = {0AB3BF05-4346-4AA6-1389-037BE0695223}
		{D2A4A2A1-8005-400A-B008-A5002DFEA49A} = {827E0CD3-B72D-47B6-A68D-7590B98EB39B}
		{46C5C379-3729-45CE-9AC2-6F1C76284677} = {0AB3BF05-4346-4AA6-1389-037BE0695223}
		{D35B3FE5-D0EC-45EA-AB10-33420A6C921A} = {827E0CD3-B72D-47B6-A68D-7590B98EB39B}
		{47A1748B-0FB9-4E71-A7BF-BC4263E88B25} = {0AB3BF05-4346-4AA6-1389-037BE0695223}
		{1207AEAA-D085-46D0-9F1D-505B25688518} = {827E0CD3-B72D-47B6-A68D-7590B98EB39B}
		{A4A8D763-20F4-4853-951C-E2C047389EBF} = {0AB3BF05-4346-4AA6-1389-037BE0695223}
		{5DCD746C-C8DD-4FA7-A688-05A973CB085B} = {827E0CD3-B72D-47B6-A68D-7590B98EB39B}
		{7173E0A6-87CA-4680-840C-182CB3FD3C48} = {827E0CD3-B72D-47B6-A68D-7590B98EB39B}
		{E81E7C40-F516-48E3-97AB-BA3AFD0DE0EF} = {0AB3BF05-4346-4AA6-1389-037BE0695223}
		{4E111B06-D470-41DC-8801-5D0F31CC83B2} = {827E0CD3-B72D-47B6-A68D-7590B98EB39B}
		{159F5F72-CD1C-4C16-A2A3-CF5EF5418A7A} = {0AB3BF05-4346-4AA6-1389-037BE0695223}
		{ACBCE896-C854-4C40-AEC4-6217C797FFE8} = {827E0CD3-B72D-47B6-A68D-7590B98EB39B}
		{BB332280-5597-4C7A-A545-54F87DE7AB8E} = {0AB3BF05-4346-4AA6-1389-037BE0695223}
	EndGlobalSection
EndGlobal
